
Microsoft Visual Studio Solution File, Format Version 11.00
# Visual Studio 2010
Project("{FAE04EC0-301F-11D3-BF4B-00C04F79EFBC}") = "Mr_Potato_Adventure", "Mr_Potato_Adventure\Mr_Potato_Adventure\Mr_Potato_Adventure.csproj", "{CC823B34-93D1-4EC8-ADDB-3E7621301F97}"
EndProject
Project("{FAE04EC0-301F-11D3-BF4B-00C04F79EFBC}") = "Mr_Potato_AdventureContent", "Mr_Potato_Adventure\Mr_Potato_AdventureContent\Mr_Potato_AdventureContent.contentproj", "{4DBFAA80-88F1-417D-B337-12E46DAA961B}"
EndProject
Project("{2150E333-8FDC-42A3-9474-1A3956D46DE8}") = "Solution Items", "Solution Items", "{52A02E59-24FB-4BC3-96D0-A92731ED4980}"
EndProject
Global
	GlobalSection(SolutionConfigurationPlatforms) = preSolution
		Debug|x86 = Debug|x86
		Release|x86 = Release|x86
	EndGlobalSection
	GlobalSection(ProjectConfigurationPlatforms) = postSolution
		{CC823B34-93D1-4EC8-ADDB-3E7621301F97}.Debug|x86.ActiveCfg = Debug|x86
		{CC823B34-93D1-4EC8-ADDB-3E7621301F97}.Debug|x86.Build.0 = Debug|x86
		{CC823B34-93D1-4EC8-ADDB-3E7621301F97}.Release|x86.ActiveCfg = Release|x86
		{CC823B34-93D1-4EC8-ADDB-3E7621301F97}.Release|x86.Build.0 = Release|x86
		{4DBFAA80-88F1-417D-B337-12E46DAA961B}.Debug|x86.ActiveCfg = Debug|x86
		{4DBFAA80-88F1-417D-B337-12E46DAA961B}.Release|x86.ActiveCfg = Release|x86
	EndGlobalSection
	GlobalSection(SolutionProperties) = preSolution
		HideSolutionNode = FALSE
	EndGlobalSection
EndGlobal
